
Microsoft Visual Studio Solution File, Format Version 12.00
# Visual Studio Version 17
VisualStudioVersion = 17.11.35303.130
MinimumVisualStudioVersion = 10.0.40219.1
Project("{FAE04EC0-301F-11D3-BF4B-00C04F79EFBC}") = "Labb 3", "Labb 3\Labb 3.csproj", "{9F1CD4D0-D5C2-4159-973D-59E829204A7F}"
EndProject
Global
	GlobalSection(SolutionConfigurationPlatforms) = preSolution
		Debug|Any CPU = Debug|Any CPU
		Release|Any CPU = Release|Any CPU
	EndGlobalSection
	GlobalSection(ProjectConfigurationPlatforms) = postSolution
		{9F1CD4D0-D5C2-4159-973D-59E829204A7F}.Debug|Any CPU.ActiveCfg = Debug|Any CPU
		{9F1CD4D0-D5C2-4159-973D-59E829204A7F}.Debug|Any CPU.Build.0 = Debug|Any CPU
		{9F1CD4D0-D5C2-4159-973D-59E829204A7F}.Release|Any CPU.ActiveCfg = Release|Any CPU
		{9F1CD4D0-D5C2-4159-973D-59E829204A7F}.Release|Any CPU.Build.0 = Release|Any CPU
	EndGlobalSection
	GlobalSection(SolutionProperties) = preSolution
		HideSolutionNode = FALSE
	EndGlobalSection
	GlobalSection(ExtensibilityGlobals) = postSolution
		SolutionGuid = {39A70BB1-A38C-47D5-91DB-27FF441DB617}
	EndGlobalSection
EndGlobal
